// !$*UTF8*$!
{
	archiveVersion = 1;
	classes = {
	};
	objectVersion = 50;
	objects = {

/* Begin PBXBuildFile section */
		DC76495223F8C1EC000FA1BC /* PTextField.swift in Sources */ = {isa = PBXBuildFile; fileRef = DC76495123F8C1EC000FA1BC /* PTextField.swift */; };
		DC76495423F8C805000FA1BC /* PView.swift in Sources */ = {isa = PBXBuildFile; fileRef = DC76495323F8C805000FA1BC /* PView.swift */; };
		DC76495623F8CD9B000FA1BC /* SignupViewController.swift in Sources */ = {isa = PBXBuildFile; fileRef = DC76495523F8CD9B000FA1BC /* SignupViewController.swift */; };
		DC76495823F8D398000FA1BC /* PictureViewController.swift in Sources */ = {isa = PBXBuildFile; fileRef = DC76495723F8D398000FA1BC /* PictureViewController.swift */; };
		DC76495C23F8D67E000FA1BC /* TakePicture.swift in Sources */ = {isa = PBXBuildFile; fileRef = DC76495B23F8D67E000FA1BC /* TakePicture.swift */; };
		DC76495E23F8D6AC000FA1BC /* Picture.swift in Sources */ = {isa = PBXBuildFile; fileRef = DC76495D23F8D6AC000FA1BC /* Picture.swift */; };
		DC76496023F8FB55000FA1BC /* QuestionsListViewController.swift in Sources */ = {isa = PBXBuildFile; fileRef = DC76495F23F8FB55000FA1BC /* QuestionsListViewController.swift */; };
		DC76496223F8FF54000FA1BC /* QuestionsTableView.swift in Sources */ = {isa = PBXBuildFile; fileRef = DC76496123F8FF54000FA1BC /* QuestionsTableView.swift */; };
		DC76496423F903CD000FA1BC /* QuestionCell.swift in Sources */ = {isa = PBXBuildFile; fileRef = DC76496323F903CD000FA1BC /* QuestionCell.swift */; };
		DC76496823F922BB000FA1BC /* SpecificQuestionsViewController.swift in Sources */ = {isa = PBXBuildFile; fileRef = DC76496723F922BB000FA1BC /* SpecificQuestionsViewController.swift */; };
		DC76496A23F92342000FA1BC /* SpecificTableView.swift in Sources */ = {isa = PBXBuildFile; fileRef = DC76496923F92342000FA1BC /* SpecificTableView.swift */; };
		DC76496C23F924F6000FA1BC /* QACell.swift in Sources */ = {isa = PBXBuildFile; fileRef = DC76496B23F924F6000FA1BC /* QACell.swift */; };
		DC76496E23F9309B000FA1BC /* PImageView.swift in Sources */ = {isa = PBXBuildFile; fileRef = DC76496D23F9309B000FA1BC /* PImageView.swift */; };
		DC76497023F939FC000FA1BC /* QuestionViewController.swift in Sources */ = {isa = PBXBuildFile; fileRef = DC76496F23F939FC000FA1BC /* QuestionViewController.swift */; };
		DCC7518623F8638C00C53AAB /* AppDelegate.swift in Sources */ = {isa = PBXBuildFile; fileRef = DCC7518523F8638C00C53AAB /* AppDelegate.swift */; };
		DCC7518823F8638C00C53AAB /* SceneDelegate.swift in Sources */ = {isa = PBXBuildFile; fileRef = DCC7518723F8638C00C53AAB /* SceneDelegate.swift */; };
		DCC7518A23F8638C00C53AAB /* LoginViewController.swift in Sources */ = {isa = PBXBuildFile; fileRef = DCC7518923F8638C00C53AAB /* LoginViewController.swift */; };
		DCC7518F23F8638D00C53AAB /* Assets.xcassets in Resources */ = {isa = PBXBuildFile; fileRef = DCC7518E23F8638D00C53AAB /* Assets.xcassets */; };
		DCC7519223F8638D00C53AAB /* LaunchScreen.storyboard in Resources */ = {isa = PBXBuildFile; fileRef = DCC7519023F8638D00C53AAB /* LaunchScreen.storyboard */; };
		DCC7519C23F86C0B00C53AAB /* PConstraint.swift in Sources */ = {isa = PBXBuildFile; fileRef = DCC7519B23F86C0B00C53AAB /* PConstraint.swift */; };
		DCC7519E23F86CE200C53AAB /* HTTPAPI.swift in Sources */ = {isa = PBXBuildFile; fileRef = DCC7519D23F86CE200C53AAB /* HTTPAPI.swift */; };
		DCC751A023F8736F00C53AAB /* PLabel.swift in Sources */ = {isa = PBXBuildFile; fileRef = DCC7519F23F8736F00C53AAB /* PLabel.swift */; };
		DCC751A223F873A200C53AAB /* Constants.swift in Sources */ = {isa = PBXBuildFile; fileRef = DCC751A123F873A200C53AAB /* Constants.swift */; };
		DCC751A423F875F500C53AAB /* PButton.swift in Sources */ = {isa = PBXBuildFile; fileRef = DCC751A323F875F500C53AAB /* PButton.swift */; };
		DCC751A623F8792500C53AAB /* Extensions.swift in Sources */ = {isa = PBXBuildFile; fileRef = DCC751A523F8792500C53AAB /* Extensions.swift */; };
		DCC751AB23F8827600C53AAB /* EducateViewController.swift in Sources */ = {isa = PBXBuildFile; fileRef = DCC751AA23F8827600C53AAB /* EducateViewController.swift */; };
/* End PBXBuildFile section */

/* Begin PBXFileReference section */
		DC76495123F8C1EC000FA1BC /* PTextField.swift */ = {isa = PBXFileReference; lastKnownFileType = sourcecode.swift; path = PTextField.swift; sourceTree = "<group>"; };
		DC76495323F8C805000FA1BC /* PView.swift */ = {isa = PBXFileReference; lastKnownFileType = sourcecode.swift; path = PView.swift; sourceTree = "<group>"; };
		DC76495523F8CD9B000FA1BC /* SignupViewController.swift */ = {isa = PBXFileReference; lastKnownFileType = sourcecode.swift; path = SignupViewController.swift; sourceTree = "<group>"; };
		DC76495723F8D398000FA1BC /* PictureViewController.swift */ = {isa = PBXFileReference; lastKnownFileType = sourcecode.swift; path = PictureViewController.swift; sourceTree = "<group>"; };
		DC76495B23F8D67E000FA1BC /* TakePicture.swift */ = {isa = PBXFileReference; lastKnownFileType = sourcecode.swift; path = TakePicture.swift; sourceTree = "<group>"; };
		DC76495D23F8D6AC000FA1BC /* Picture.swift */ = {isa = PBXFileReference; lastKnownFileType = sourcecode.swift; path = Picture.swift; sourceTree = "<group>"; };
		DC76495F23F8FB55000FA1BC /* QuestionsListViewController.swift */ = {isa = PBXFileReference; lastKnownFileType = sourcecode.swift; path = QuestionsListViewController.swift; sourceTree = "<group>"; };
		DC76496123F8FF54000FA1BC /* QuestionsTableView.swift */ = {isa = PBXFileReference; lastKnownFileType = sourcecode.swift; path = QuestionsTableView.swift; sourceTree = "<group>"; };
		DC76496323F903CD000FA1BC /* QuestionCell.swift */ = {isa = PBXFileReference; lastKnownFileType = sourcecode.swift; path = QuestionCell.swift; sourceTree = "<group>"; };
		DC76496723F922BB000FA1BC /* SpecificQuestionsViewController.swift */ = {isa = PBXFileReference; lastKnownFileType = sourcecode.swift; path = SpecificQuestionsViewController.swift; sourceTree = "<group>"; };
		DC76496923F92342000FA1BC /* SpecificTableView.swift */ = {isa = PBXFileReference; lastKnownFileType = sourcecode.swift; path = SpecificTableView.swift; sourceTree = "<group>"; };
		DC76496B23F924F6000FA1BC /* QACell.swift */ = {isa = PBXFileReference; lastKnownFileType = sourcecode.swift; path = QACell.swift; sourceTree = "<group>"; };
		DC76496D23F9309B000FA1BC /* PImageView.swift */ = {isa = PBXFileReference; lastKnownFileType = sourcecode.swift; path = PImageView.swift; sourceTree = "<group>"; };
		DC76496F23F939FC000FA1BC /* QuestionViewController.swift */ = {isa = PBXFileReference; lastKnownFileType = sourcecode.swift; path = QuestionViewController.swift; sourceTree = "<group>"; };
		DCC7518223F8638C00C53AAB /* PatientAdherence.app */ = {isa = PBXFileReference; explicitFileType = wrapper.application; includeInIndex = 0; path = PatientAdherence.app; sourceTree = BUILT_PRODUCTS_DIR; };
		DCC7518523F8638C00C53AAB /* AppDelegate.swift */ = {isa = PBXFileReference; lastKnownFileType = sourcecode.swift; path = AppDelegate.swift; sourceTree = "<group>"; };
		DCC7518723F8638C00C53AAB /* SceneDelegate.swift */ = {isa = PBXFileReference; lastKnownFileType = sourcecode.swift; path = SceneDelegate.swift; sourceTree = "<group>"; };
		DCC7518923F8638C00C53AAB /* LoginViewController.swift */ = {isa = PBXFileReference; lastKnownFileType = sourcecode.swift; path = LoginViewController.swift; sourceTree = "<group>"; };
		DCC7518E23F8638D00C53AAB /* Assets.xcassets */ = {isa = PBXFileReference; lastKnownFileType = folder.assetcatalog; path = Assets.xcassets; sourceTree = "<group>"; };
		DCC7519123F8638D00C53AAB /* Base */ = {isa = PBXFileReference; lastKnownFileType = file.storyboard; name = Base; path = Base.lproj/LaunchScreen.storyboard; sourceTree = "<group>"; };
		DCC7519323F8638D00C53AAB /* Info.plist */ = {isa = PBXFileReference; lastKnownFileType = text.plist.xml; path = Info.plist; sourceTree = "<group>"; };
		DCC7519B23F86C0B00C53AAB /* PConstraint.swift */ = {isa = PBXFileReference; lastKnownFileType = sourcecode.swift; path = PConstraint.swift; sourceTree = "<group>"; };
		DCC7519D23F86CE200C53AAB /* HTTPAPI.swift */ = {isa = PBXFileReference; lastKnownFileType = sourcecode.swift; path = HTTPAPI.swift; sourceTree = "<group>"; };
		DCC7519F23F8736F00C53AAB /* PLabel.swift */ = {isa = PBXFileReference; lastKnownFileType = sourcecode.swift; path = PLabel.swift; sourceTree = "<group>"; };
		DCC751A123F873A200C53AAB /* Constants.swift */ = {isa = PBXFileReference; lastKnownFileType = sourcecode.swift; path = Constants.swift; sourceTree = "<group>"; };
		DCC751A323F875F500C53AAB /* PButton.swift */ = {isa = PBXFileReference; lastKnownFileType = sourcecode.swift; path = PButton.swift; sourceTree = "<group>"; };
		DCC751A523F8792500C53AAB /* Extensions.swift */ = {isa = PBXFileReference; lastKnownFileType = sourcecode.swift; path = Extensions.swift; sourceTree = "<group>"; };
		DCC751AA23F8827600C53AAB /* EducateViewController.swift */ = {isa = PBXFileReference; lastKnownFileType = sourcecode.swift; path = EducateViewController.swift; sourceTree = "<group>"; };
/* End PBXFileReference section */

/* Begin PBXFrameworksBuildPhase section */
		DCC7517F23F8638C00C53AAB /* Frameworks */ = {
			isa = PBXFrameworksBuildPhase;
			buildActionMask = 2147483647;
			files = (
			);
			runOnlyForDeploymentPostprocessing = 0;
		};
/* End PBXFrameworksBuildPhase section */

/* Begin PBXGroup section */
		DCC7517923F8638C00C53AAB = {
			isa = PBXGroup;
			children = (
				DCC7518423F8638C00C53AAB /* PatientAdherence */,
				DCC7518323F8638C00C53AAB /* Products */,
			);
			sourceTree = "<group>";
		};
		DCC7518323F8638C00C53AAB /* Products */ = {
			isa = PBXGroup;
			children = (
				DCC7518223F8638C00C53AAB /* PatientAdherence.app */,
			);
			name = Products;
			sourceTree = "<group>";
		};
		DCC7518423F8638C00C53AAB /* PatientAdherence */ = {
			isa = PBXGroup;
			children = (
				DCC7518523F8638C00C53AAB /* AppDelegate.swift */,
				DCC7518723F8638C00C53AAB /* SceneDelegate.swift */,
				DCC7519D23F86CE200C53AAB /* HTTPAPI.swift */,
				DCC751A123F873A200C53AAB /* Constants.swift */,
				DCC7519B23F86C0B00C53AAB /* PConstraint.swift */,
				DCC751A923F8822400C53AAB /* ViewControllers */,
				DC76496123F8FF54000FA1BC /* QuestionsTableView.swift */,
				DC76496923F92342000FA1BC /* SpecificTableView.swift */,
				DC76496323F903CD000FA1BC /* QuestionCell.swift */,
				DC76496B23F924F6000FA1BC /* QACell.swift */,
				DC76495323F8C805000FA1BC /* PView.swift */,
				DCC751A323F875F500C53AAB /* PButton.swift */,
				DC76495D23F8D6AC000FA1BC /* Picture.swift */,
				DC76496D23F9309B000FA1BC /* PImageView.swift */,
				DC76495123F8C1EC000FA1BC /* PTextField.swift */,
				DC76495B23F8D67E000FA1BC /* TakePicture.swift */,
				DCC751A523F8792500C53AAB /* Extensions.swift */,
				DCC7519F23F8736F00C53AAB /* PLabel.swift */,
				DCC7518E23F8638D00C53AAB /* Assets.xcassets */,
				DCC7519023F8638D00C53AAB /* LaunchScreen.storyboard */,
				DCC7519323F8638D00C53AAB /* Info.plist */,
			);
			path = PatientAdherence;
			sourceTree = "<group>";
		};
		DCC751A923F8822400C53AAB /* ViewControllers */ = {
			isa = PBXGroup;
			children = (
				DC76496F23F939FC000FA1BC /* QuestionViewController.swift */,
				DC76496723F922BB000FA1BC /* SpecificQuestionsViewController.swift */,
				DC76495F23F8FB55000FA1BC /* QuestionsListViewController.swift */,
				DC76495723F8D398000FA1BC /* PictureViewController.swift */,
				DC76495523F8CD9B000FA1BC /* SignupViewController.swift */,
				DCC7518923F8638C00C53AAB /* LoginViewController.swift */,
				DCC751AA23F8827600C53AAB /* EducateViewController.swift */,
			);
			path = ViewControllers;
			sourceTree = "<group>";
		};
/* End PBXGroup section */

/* Begin PBXNativeTarget section */
		DCC7518123F8638C00C53AAB /* PatientAdherence */ = {
			isa = PBXNativeTarget;
			buildConfigurationList = DCC7519623F8638D00C53AAB /* Build configuration list for PBXNativeTarget "PatientAdherence" */;
			buildPhases = (
				DCC7517E23F8638C00C53AAB /* Sources */,
				DCC7517F23F8638C00C53AAB /* Frameworks */,
				DCC7518023F8638C00C53AAB /* Resources */,
			);
			buildRules = (
			);
			dependencies = (
			);
			name = PatientAdherence;
			productName = PatientAdherence;
			productReference = DCC7518223F8638C00C53AAB /* PatientAdherence.app */;
			productType = "com.apple.product-type.application";
		};
/* End PBXNativeTarget section */

/* Begin PBXProject section */
		DCC7517A23F8638C00C53AAB /* Project object */ = {
			isa = PBXProject;
			attributes = {
				LastSwiftUpdateCheck = 1120;
				LastUpgradeCheck = 1120;
				ORGANIZATIONNAME = "Jing Lin";
				TargetAttributes = {
					DCC7518123F8638C00C53AAB = {
						CreatedOnToolsVersion = 11.2;
					};
				};
			};
			buildConfigurationList = DCC7517D23F8638C00C53AAB /* Build configuration list for PBXProject "PatientAdherence" */;
			compatibilityVersion = "Xcode 9.3";
			developmentRegion = en;
			hasScannedForEncodings = 0;
			knownRegions = (
				en,
				Base,
			);
			mainGroup = DCC7517923F8638C00C53AAB;
			productRefGroup = DCC7518323F8638C00C53AAB /* Products */;
			projectDirPath = "";
			projectRoot = "";
			targets = (
				DCC7518123F8638C00C53AAB /* PatientAdherence */,
			);
		};
/* End PBXProject section */

/* Begin PBXResourcesBuildPhase section */
		DCC7518023F8638C00C53AAB /* Resources */ = {
			isa = PBXResourcesBuildPhase;
			buildActionMask = 2147483647;
			files = (
				DCC7519223F8638D00C53AAB /* LaunchScreen.storyboard in Resources */,
				DCC7518F23F8638D00C53AAB /* Assets.xcassets in Resources */,
			);
			runOnlyForDeploymentPostprocessing = 0;
		};
/* End PBXResourcesBuildPhase section */

/* Begin PBXSourcesBuildPhase section */
		DCC7517E23F8638C00C53AAB /* Sources */ = {
			isa = PBXSourcesBuildPhase;
			buildActionMask = 2147483647;
			files = (
				DCC7519E23F86CE200C53AAB /* HTTPAPI.swift in Sources */,
				DC76495223F8C1EC000FA1BC /* PTextField.swift in Sources */,
				DCC751A623F8792500C53AAB /* Extensions.swift in Sources */,
				DCC7518A23F8638C00C53AAB /* LoginViewController.swift in Sources */,
				DC76496E23F9309B000FA1BC /* PImageView.swift in Sources */,
				DC76495E23F8D6AC000FA1BC /* Picture.swift in Sources */,
				DCC7519C23F86C0B00C53AAB /* PConstraint.swift in Sources */,
				DC76495423F8C805000FA1BC /* PView.swift in Sources */,
				DC76496023F8FB55000FA1BC /* QuestionsListViewController.swift in Sources */,
				DCC751AB23F8827600C53AAB /* EducateViewController.swift in Sources */,
				DCC7518623F8638C00C53AAB /* AppDelegate.swift in Sources */,
				DCC751A423F875F500C53AAB /* PButton.swift in Sources */,
				DC76496423F903CD000FA1BC /* QuestionCell.swift in Sources */,
				DC76495623F8CD9B000FA1BC /* SignupViewController.swift in Sources */,
				DC76497023F939FC000FA1BC /* QuestionViewController.swift in Sources */,
				DC76496A23F92342000FA1BC /* SpecificTableView.swift in Sources */,
				DCC751A223F873A200C53AAB /* Constants.swift in Sources */,
				DC76495823F8D398000FA1BC /* PictureViewController.swift in Sources */,
				DCC751A023F8736F00C53AAB /* PLabel.swift in Sources */,
				DC76496823F922BB000FA1BC /* SpecificQuestionsViewController.swift in Sources */,
				DC76495C23F8D67E000FA1BC /* TakePicture.swift in Sources */,
				DCC7518823F8638C00C53AAB /* SceneDelegate.swift in Sources */,
				DC76496223F8FF54000FA1BC /* QuestionsTableView.swift in Sources */,
				DC76496C23F924F6000FA1BC /* QACell.swift in Sources */,
			);
			runOnlyForDeploymentPostprocessing = 0;
		};
/* End PBXSourcesBuildPhase section */

/* Begin PBXVariantGroup section */
		DCC7519023F8638D00C53AAB /* LaunchScreen.storyboard */ = {
			isa = PBXVariantGroup;
			children = (
				DCC7519123F8638D00C53AAB /* Base */,
			);
			name = LaunchScreen.storyboard;
			sourceTree = "<group>";
		};
/* End PBXVariantGroup section */

/* Begin XCBuildConfiguration section */
		DCC7519423F8638D00C53AAB /* Debug */ = {
			isa = XCBuildConfiguration;
			buildSettings = {
				ALWAYS_SEARCH_USER_PATHS = NO;
				CLANG_ANALYZER_NONNULL = YES;
				CLANG_ANALYZER_NUMBER_OBJECT_CONVERSION = YES_AGGRESSIVE;
				CLANG_CXX_LANGUAGE_STANDARD = "gnu++14";
				CLANG_CXX_LIBRARY = "libc++";
				CLANG_ENABLE_MODULES = YES;
				CLANG_ENABLE_OBJC_ARC = YES;
				CLANG_ENABLE_OBJC_WEAK = YES;
				CLANG_WARN_BLOCK_CAPTURE_AUTORELEASING = YES;
				CLANG_WARN_BOOL_CONVERSION = YES;
				CLANG_WARN_COMMA = YES;
				CLANG_WARN_CONSTANT_CONVERSION = YES;
				CLANG_WARN_DEPRECATED_OBJC_IMPLEMENTATIONS = YES;
				CLANG_WARN_DIRECT_OBJC_ISA_USAGE = YES_ERROR;
				CLANG_WARN_DOCUMENTATION_COMMENTS = YES;
				CLANG_WARN_EMPTY_BODY = YES;
				CLANG_WARN_ENUM_CONVERSION = YES;
				CLANG_WARN_INFINITE_RECURSION = YES;
				CLANG_WARN_INT_CONVERSION = YES;
				CLANG_WARN_NON_LITERAL_NULL_CONVERSION = YES;
				CLANG_WARN_OBJC_IMPLICIT_RETAIN_SELF = YES;
				CLANG_WARN_OBJC_LITERAL_CONVERSION = YES;
				CLANG_WARN_OBJC_ROOT_CLASS = YES_ERROR;
				CLANG_WARN_RANGE_LOOP_ANALYSIS = YES;
				CLANG_WARN_STRICT_PROTOTYPES = YES;
				CLANG_WARN_SUSPICIOUS_MOVE = YES;
				CLANG_WARN_UNGUARDED_AVAILABILITY = YES_AGGRESSIVE;
				CLANG_WARN_UNREACHABLE_CODE = YES;
				CLANG_WARN__DUPLICATE_METHOD_MATCH = YES;
				COPY_PHASE_STRIP = NO;
				DEBUG_INFORMATION_FORMAT = dwarf;
				ENABLE_STRICT_OBJC_MSGSEND = YES;
				ENABLE_TESTABILITY = YES;
				GCC_C_LANGUAGE_STANDARD = gnu11;
				GCC_DYNAMIC_NO_PIC = NO;
				GCC_NO_COMMON_BLOCKS = YES;
				GCC_OPTIMIZATION_LEVEL = 0;
				GCC_PREPROCESSOR_DEFINITIONS = (
					"DEBUG=1",
					"$(inherited)",
				);
				GCC_WARN_64_TO_32_BIT_CONVERSION = YES;
				GCC_WARN_ABOUT_RETURN_TYPE = YES_ERROR;
				GCC_WARN_UNDECLARED_SELECTOR = YES;
				GCC_WARN_UNINITIALIZED_AUTOS = YES_AGGRESSIVE;
				GCC_WARN_UNUSED_FUNCTION = YES;
				GCC_WARN_UNUSED_VARIABLE = YES;
				IPHONEOS_DEPLOYMENT_TARGET = 13.2;
				MTL_ENABLE_DEBUG_INFO = INCLUDE_SOURCE;
				MTL_FAST_MATH = YES;
				ONLY_ACTIVE_ARCH = YES;
				SDKROOT = iphoneos;
				SWIFT_ACTIVE_COMPILATION_CONDITIONS = DEBUG;
				SWIFT_OPTIMIZATION_LEVEL = "-Onone";
			};
			name = Debug;
		};
		DCC7519523F8638D00C53AAB /* Release */ = {
			isa = XCBuildConfiguration;
			buildSettings = {
				ALWAYS_SEARCH_USER_PATHS = NO;
				CLANG_ANALYZER_NONNULL = YES;
				CLANG_ANALYZER_NUMBER_OBJECT_CONVERSION = YES_AGGRESSIVE;
				CLANG_CXX_LANGUAGE_STANDARD = "gnu++14";
				CLANG_CXX_LIBRARY = "libc++";
				CLANG_ENABLE_MODULES = YES;
				CLANG_ENABLE_OBJC_ARC = YES;
				CLANG_ENABLE_OBJC_WEAK = YES;
				CLANG_WARN_BLOCK_CAPTURE_AUTORELEASING = YES;
				CLANG_WARN_BOOL_CONVERSION = YES;
				CLANG_WARN_COMMA = YES;
				CLANG_WARN_CONSTANT_CONVERSION = YES;
				CLANG_WARN_DEPRECATED_OBJC_IMPLEMENTATIONS = YES;
				CLANG_WARN_DIRECT_OBJC_ISA_USAGE = YES_ERROR;
				CLANG_WARN_DOCUMENTATION_COMMENTS = YES;
				CLANG_WARN_EMPTY_BODY = YES;
				CLANG_WARN_ENUM_CONVERSION = YES;
				CLANG_WARN_INFINITE_RECURSION = YES;
				CLANG_WARN_INT_CONVERSION = YES;
				CLANG_WARN_NON_LITERAL_NULL_CONVERSION = YES;
				CLANG_WARN_OBJC_IMPLICIT_RETAIN_SELF = YES;
				CLANG_WARN_OBJC_LITERAL_CONVERSION = YES;
				CLANG_WARN_OBJC_ROOT_CLASS = YES_ERROR;
				CLANG_WARN_RANGE_LOOP_ANALYSIS = YES;
				CLANG_WARN_STRICT_PROTOTYPES = YES;
				CLANG_WARN_SUSPICIOUS_MOVE = YES;
				CLANG_WARN_UNGUARDED_AVAILABILITY = YES_AGGRESSIVE;
				CLANG_WARN_UNREACHABLE_CODE = YES;
				CLANG_WARN__DUPLICATE_METHOD_MATCH = YES;
				COPY_PHASE_STRIP = NO;
				DEBUG_INFORMATION_FORMAT = "dwarf-with-dsym";
				ENABLE_NS_ASSERTIONS = NO;
				ENABLE_STRICT_OBJC_MSGSEND = YES;
				GCC_C_LANGUAGE_STANDARD = gnu11;
				GCC_NO_COMMON_BLOCKS = YES;
				GCC_WARN_64_TO_32_BIT_CONVERSION = YES;
				GCC_WARN_ABOUT_RETURN_TYPE = YES_ERROR;
				GCC_WARN_UNDECLARED_SELECTOR = YES;
				GCC_WARN_UNINITIALIZED_AUTOS = YES_AGGRESSIVE;
				GCC_WARN_UNUSED_FUNCTION = YES;
				GCC_WARN_UNUSED_VARIABLE = YES;
				IPHONEOS_DEPLOYMENT_TARGET = 13.2;
				MTL_ENABLE_DEBUG_INFO = NO;
				MTL_FAST_MATH = YES;
				SDKROOT = iphoneos;
				SWIFT_COMPILATION_MODE = wholemodule;
				SWIFT_OPTIMIZATION_LEVEL = "-O";
				VALIDATE_PRODUCT = YES;
			};
			name = Release;
		};
		DCC7519723F8638D00C53AAB /* Debug */ = {
			isa = XCBuildConfiguration;
			buildSettings = {
				ASSETCATALOG_COMPILER_APPICON_NAME = AppIcon;
				CODE_SIGN_STYLE = Automatic;
				DEVELOPMENT_TEAM = RVL5FPMMX7;
				INFOPLIST_FILE = PatientAdherence/Info.plist;
				LD_RUNPATH_SEARCH_PATHS = (
					"$(inherited)",
					"@executable_path/Frameworks",
				);
				PRODUCT_BUNDLE_IDENTIFIER = moderatelyfunctionalprogrammers.PatientAdherence;
				PRODUCT_NAME = "$(TARGET_NAME)";
				SWIFT_VERSION = 5.0;
				TARGETED_DEVICE_FAMILY = "1,2";
			};
			name = Debug;
		};
		DCC7519823F8638D00C53AAB /* Release */ = {
			isa = XCBuildConfiguration;
			buildSettings = {
				ASSETCATALOG_COMPILER_APPICON_NAME = AppIcon;
				CODE_SIGN_STYLE = Automatic;
				DEVELOPMENT_TEAM = RVL5FPMMX7;
				INFOPLIST_FILE = PatientAdherence/Info.plist;
				LD_RUNPATH_SEARCH_PATHS = (
					"$(inherited)",
					"@executable_path/Frameworks",
				);
				PRODUCT_BUNDLE_IDENTIFIER = moderatelyfunctionalprogrammers.PatientAdherence;
				PRODUCT_NAME = "$(TARGET_NAME)";
				SWIFT_VERSION = 5.0;
				TARGETED_DEVICE_FAMILY = "1,2";
			};
			name = Release;
		};
/* End XCBuildConfiguration section */

/* Begin XCConfigurationList section */
		DCC7517D23F8638C00C53AAB /* Build configuration list for PBXProject "PatientAdherence" */ = {
			isa = XCConfigurationList;
			buildConfigurations = (
				DCC7519423F8638D00C53AAB /* Debug */,
				DCC7519523F8638D00C53AAB /* Release */,
			);
			defaultConfigurationIsVisible = 0;
			defaultConfigurationName = Release;
		};
		DCC7519623F8638D00C53AAB /* Build configuration list for PBXNativeTarget "PatientAdherence" */ = {
			isa = XCConfigurationList;
			buildConfigurations = (
				DCC7519723F8638D00C53AAB /* Debug */,
				DCC7519823F8638D00C53AAB /* Release */,
			);
			defaultConfigurationIsVisible = 0;
			defaultConfigurationName = Release;
		};
/* End XCConfigurationList section */
	};
	rootObject = DCC7517A23F8638C00C53AAB /* Project object */;
}
